// !$*UTF8*$!
{
	archiveVersion = 1;
	classes = {
	};
	objectVersion = 56;
	objects = {

/* Begin PBXBuildFile section */
		227CCB602C77C64C009F0C44 /* AppDelegate.swift in Sources */ = {isa = PBXBuildFile; fileRef = 227CCB5F2C77C64C009F0C44 /* AppDelegate.swift */; };
		227CCB622C77C64C009F0C44 /* SceneDelegate.swift in Sources */ = {isa = PBXBuildFile; fileRef = 227CCB612C77C64C009F0C44 /* SceneDelegate.swift */; };
		227CCB642C77C64C009F0C44 /* ViewController.swift in Sources */ = {isa = PBXBuildFile; fileRef = 227CCB632C77C64C009F0C44 /* ViewController.swift */; };
		227CCB692C77C64E009F0C44 /* Assets.xcassets in Resources */ = {isa = PBXBuildFile; fileRef = 227CCB682C77C64E009F0C44 /* Assets.xcassets */; };
		227CCB6C2C77C64E009F0C44 /* Base in Resources */ = {isa = PBXBuildFile; fileRef = 227CCB6B2C77C64E009F0C44 /* Base */; };
		227CCBA62C77CFD7009F0C44 /* AppTheme.swift in Sources */ = {isa = PBXBuildFile; fileRef = 227CCBA52C77CFD7009F0C44 /* AppTheme.swift */; };
		227CCBA82C77D007009F0C44 /* Colors.xcassets in Resources */ = {isa = PBXBuildFile; fileRef = 227CCBA72C77D007009F0C44 /* Colors.xcassets */; };
		227CCBAB2C77D3EB009F0C44 /* UIButton+Extensions.swift in Sources */ = {isa = PBXBuildFile; fileRef = 227CCBAA2C77D3EB009F0C44 /* UIButton+Extensions.swift */; };
		227CCBAD2C77F169009F0C44 /* CustomNavigationController.swift in Sources */ = {isa = PBXBuildFile; fileRef = 227CCBAC2C77F169009F0C44 /* CustomNavigationController.swift */; };
		2E8ED76A2C7B53FD00E081E0 /* WeatherSDK in Frameworks */ = {isa = PBXBuildFile; productRef = 2E8ED7692C7B53FD00E081E0 /* WeatherSDK */; };
/* End PBXBuildFile section */

/* Begin PBXFileReference section */
		227CCB5C2C77C64C009F0C44 /* WeatherExampleApp.app */ = {isa = PBXFileReference; explicitFileType = wrapper.application; includeInIndex = 0; path = WeatherExampleApp.app; sourceTree = BUILT_PRODUCTS_DIR; };
		227CCB5F2C77C64C009F0C44 /* AppDelegate.swift */ = {isa = PBXFileReference; lastKnownFileType = sourcecode.swift; path = AppDelegate.swift; sourceTree = "<group>"; };
		227CCB612C77C64C009F0C44 /* SceneDelegate.swift */ = {isa = PBXFileReference; lastKnownFileType = sourcecode.swift; path = SceneDelegate.swift; sourceTree = "<group>"; };
		227CCB632C77C64C009F0C44 /* ViewController.swift */ = {isa = PBXFileReference; lastKnownFileType = sourcecode.swift; path = ViewController.swift; sourceTree = "<group>"; };
		227CCB682C77C64E009F0C44 /* Assets.xcassets */ = {isa = PBXFileReference; lastKnownFileType = folder.assetcatalog; path = Assets.xcassets; sourceTree = "<group>"; };
		227CCB6B2C77C64E009F0C44 /* Base */ = {isa = PBXFileReference; lastKnownFileType = file.storyboard; name = Base; path = Base.lproj/LaunchScreen.storyboard; sourceTree = "<group>"; };
		227CCB6D2C77C64E009F0C44 /* Info.plist */ = {isa = PBXFileReference; lastKnownFileType = text.plist.xml; path = Info.plist; sourceTree = "<group>"; };
		227CCBA52C77CFD7009F0C44 /* AppTheme.swift */ = {isa = PBXFileReference; lastKnownFileType = sourcecode.swift; path = AppTheme.swift; sourceTree = "<group>"; };
		227CCBA72C77D007009F0C44 /* Colors.xcassets */ = {isa = PBXFileReference; lastKnownFileType = folder.assetcatalog; path = Colors.xcassets; sourceTree = "<group>"; };
		227CCBAA2C77D3EB009F0C44 /* UIButton+Extensions.swift */ = {isa = PBXFileReference; lastKnownFileType = sourcecode.swift; path = "UIButton+Extensions.swift"; sourceTree = "<group>"; };
		227CCBAC2C77F169009F0C44 /* CustomNavigationController.swift */ = {isa = PBXFileReference; lastKnownFileType = sourcecode.swift; path = CustomNavigationController.swift; sourceTree = "<group>"; };
		2E8ED7682C7B53A200E081E0 /* WeatherSDK */ = {isa = PBXFileReference; lastKnownFileType = wrapper; name = WeatherSDK; path = ../..; sourceTree = "<group>"; };
/* End PBXFileReference section */

/* Begin PBXFrameworksBuildPhase section */
		227CCB592C77C64C009F0C44 /* Frameworks */ = {
			isa = PBXFrameworksBuildPhase;
			buildActionMask = 2147483647;
			files = (
				2E8ED76A2C7B53FD00E081E0 /* WeatherSDK in Frameworks */,
			);
			runOnlyForDeploymentPostprocessing = 0;
		};
/* End PBXFrameworksBuildPhase section */

/* Begin PBXGroup section */
		227CCB532C77C64C009F0C44 = {
			isa = PBXGroup;
			children = (
				2E8ED7022C7B413900E081E0 /* Packages */,
				227CCB5E2C77C64C009F0C44 /* WeatherExampleApp */,
				227CCB5D2C77C64C009F0C44 /* Products */,
				227CCBA32C77CBC5009F0C44 /* Frameworks */,
			);
			sourceTree = "<group>";
		};
		227CCB5D2C77C64C009F0C44 /* Products */ = {
			isa = PBXGroup;
			children = (
				227CCB5C2C77C64C009F0C44 /* WeatherExampleApp.app */,
			);
			name = Products;
			sourceTree = "<group>";
		};
		227CCB5E2C77C64C009F0C44 /* WeatherExampleApp */ = {
			isa = PBXGroup;
			children = (
				227CCB5F2C77C64C009F0C44 /* AppDelegate.swift */,
				227CCB612C77C64C009F0C44 /* SceneDelegate.swift */,
				227CCB632C77C64C009F0C44 /* ViewController.swift */,
				227CCBAC2C77F169009F0C44 /* CustomNavigationController.swift */,
				227CCBA52C77CFD7009F0C44 /* AppTheme.swift */,
				227CCBA92C77D3CF009F0C44 /* Utils */,
				227CCBA72C77D007009F0C44 /* Colors.xcassets */,
				227CCB682C77C64E009F0C44 /* Assets.xcassets */,
				227CCB6A2C77C64E009F0C44 /* LaunchScreen.storyboard */,
				227CCB6D2C77C64E009F0C44 /* Info.plist */,
			);
			path = WeatherExampleApp;
			sourceTree = "<group>";
		};
		227CCBA32C77CBC5009F0C44 /* Frameworks */ = {
			isa = PBXGroup;
			children = (
			);
			name = Frameworks;
			sourceTree = "<group>";
		};
		227CCBA92C77D3CF009F0C44 /* Utils */ = {
			isa = PBXGroup;
			children = (
				227CCBAA2C77D3EB009F0C44 /* UIButton+Extensions.swift */,
			);
			path = Utils;
			sourceTree = "<group>";
		};
		2E8ED7022C7B413900E081E0 /* Packages */ = {
			isa = PBXGroup;
			children = (
				2E8ED7682C7B53A200E081E0 /* WeatherSDK */,
			);
			name = Packages;
			sourceTree = "<group>";
		};
/* End PBXGroup section */

/* Begin PBXNativeTarget section */
		227CCB5B2C77C64C009F0C44 /* WeatherExampleApp */ = {
			isa = PBXNativeTarget;
			buildConfigurationList = 227CCB702C77C64E009F0C44 /* Build configuration list for PBXNativeTarget "WeatherExampleApp" */;
			buildPhases = (
				227CCB582C77C64C009F0C44 /* Sources */,
				227CCB592C77C64C009F0C44 /* Frameworks */,
				227CCB5A2C77C64C009F0C44 /* Resources */,
			);
			buildRules = (
			);
			dependencies = (
			);
			name = WeatherExampleApp;
			packageProductDependencies = (
				2E8ED7692C7B53FD00E081E0 /* WeatherSDK */,
			);
			productName = WeatherExampleApp;
			productReference = 227CCB5C2C77C64C009F0C44 /* WeatherExampleApp.app */;
			productType = "com.apple.product-type.application";
		};
/* End PBXNativeTarget section */

/* Begin PBXProject section */
		227CCB542C77C64C009F0C44 /* Project object */ = {
			isa = PBXProject;
			attributes = {
				BuildIndependentTargetsInParallel = 1;
				LastSwiftUpdateCheck = 1540;
				LastUpgradeCheck = 1540;
				TargetAttributes = {
					227CCB5B2C77C64C009F0C44 = {
						CreatedOnToolsVersion = 15.4;
					};
				};
			};
			buildConfigurationList = 227CCB572C77C64C009F0C44 /* Build configuration list for PBXProject "WeatherExampleApp" */;
			compatibilityVersion = "Xcode 14.0";
			developmentRegion = en;
			hasScannedForEncodings = 0;
			knownRegions = (
				en,
				Base,
			);
			mainGroup = 227CCB532C77C64C009F0C44;
			packageReferences = (
			);
			productRefGroup = 227CCB5D2C77C64C009F0C44 /* Products */;
			projectDirPath = "";
			projectRoot = "";
			targets = (
				227CCB5B2C77C64C009F0C44 /* WeatherExampleApp */,
			);
		};
/* End PBXProject section */

/* Begin PBXResourcesBuildPhase section */
		227CCB5A2C77C64C009F0C44 /* Resources */ = {
			isa = PBXResourcesBuildPhase;
			buildActionMask = 2147483647;
			files = (
				227CCBA82C77D007009F0C44 /* Colors.xcassets in Resources */,
				227CCB692C77C64E009F0C44 /* Assets.xcassets in Resources */,
				227CCB6C2C77C64E009F0C44 /* Base in Resources */,
			);
			runOnlyForDeploymentPostprocessing = 0;
		};
/* End PBXResourcesBuildPhase section */

/* Begin PBXSourcesBuildPhase section */
		227CCB582C77C64C009F0C44 /* Sources */ = {
			isa = PBXSourcesBuildPhase;
			buildActionMask = 2147483647;
			files = (
				227CCBAD2C77F169009F0C44 /* CustomNavigationController.swift in Sources */,
				227CCBAB2C77D3EB009F0C44 /* UIButton+Extensions.swift in Sources */,
				227CCB642C77C64C009F0C44 /* ViewController.swift in Sources */,
				227CCBA62C77CFD7009F0C44 /* AppTheme.swift in Sources */,
				227CCB602C77C64C009F0C44 /* AppDelegate.swift in Sources */,
				227CCB622C77C64C009F0C44 /* SceneDelegate.swift in Sources */,
			);
			runOnlyForDeploymentPostprocessing = 0;
		};
/* End PBXSourcesBuildPhase section */

/* Begin PBXVariantGroup section */
		227CCB6A2C77C64E009F0C44 /* LaunchScreen.storyboard */ = {
			isa = PBXVariantGroup;
			children = (
				227CCB6B2C77C64E009F0C44 /* Base */,
			);
			name = LaunchScreen.storyboard;
			sourceTree = "<group>";
		};
/* End PBXVariantGroup section */

/* Begin XCBuildConfiguration section */
		227CCB6E2C77C64E009F0C44 /* Debug */ = {
			isa = XCBuildConfiguration;
			buildSettings = {
				ALWAYS_SEARCH_USER_PATHS = NO;
				ASSETCATALOG_COMPILER_GENERATE_SWIFT_ASSET_SYMBOL_EXTENSIONS = YES;
				CLANG_ANALYZER_NONNULL = YES;
				CLANG_ANALYZER_NUMBER_OBJECT_CONVERSION = YES_AGGRESSIVE;
				CLANG_CXX_LANGUAGE_STANDARD = "gnu++20";
				CLANG_ENABLE_MODULES = YES;
				CLANG_ENABLE_OBJC_ARC = YES;
				CLANG_ENABLE_OBJC_WEAK = YES;
				CLANG_WARN_BLOCK_CAPTURE_AUTORELEASING = YES;
				CLANG_WARN_BOOL_CONVERSION = YES;
				CLANG_WARN_COMMA = YES;
				CLANG_WARN_CONSTANT_CONVERSION = YES;
				CLANG_WARN_DEPRECATED_OBJC_IMPLEMENTATIONS = YES;
				CLANG_WARN_DIRECT_OBJC_ISA_USAGE = YES_ERROR;
				CLANG_WARN_DOCUMENTATION_COMMENTS = YES;
				CLANG_WARN_EMPTY_BODY = YES;
				CLANG_WARN_ENUM_CONVERSION = YES;
				CLANG_WARN_INFINITE_RECURSION = YES;
				CLANG_WARN_INT_CONVERSION = YES;
				CLANG_WARN_NON_LITERAL_NULL_CONVERSION = YES;
				CLANG_WARN_OBJC_IMPLICIT_RETAIN_SELF = YES;
				CLANG_WARN_OBJC_LITERAL_CONVERSION = YES;
				CLANG_WARN_OBJC_ROOT_CLASS = YES_ERROR;
				CLANG_WARN_QUOTED_INCLUDE_IN_FRAMEWORK_HEADER = YES;
				CLANG_WARN_RANGE_LOOP_ANALYSIS = YES;
				CLANG_WARN_STRICT_PROTOTYPES = YES;
				CLANG_WARN_SUSPICIOUS_MOVE = YES;
				CLANG_WARN_UNGUARDED_AVAILABILITY = YES_AGGRESSIVE;
				CLANG_WARN_UNREACHABLE_CODE = YES;
				CLANG_WARN__DUPLICATE_METHOD_MATCH = YES;
				COPY_PHASE_STRIP = NO;
				DEBUG_INFORMATION_FORMAT = dwarf;
				ENABLE_STRICT_OBJC_MSGSEND = YES;
				ENABLE_TESTABILITY = YES;
				ENABLE_USER_SCRIPT_SANDBOXING = YES;
				GCC_C_LANGUAGE_STANDARD = gnu17;
				GCC_DYNAMIC_NO_PIC = NO;
				GCC_NO_COMMON_BLOCKS = YES;
				GCC_OPTIMIZATION_LEVEL = 0;
				GCC_PREPROCESSOR_DEFINITIONS = (
					"DEBUG=1",
					"$(inherited)",
				);
				GCC_WARN_64_TO_32_BIT_CONVERSION = YES;
				GCC_WARN_ABOUT_RETURN_TYPE = YES_ERROR;
				GCC_WARN_UNDECLARED_SELECTOR = YES;
				GCC_WARN_UNINITIALIZED_AUTOS = YES_AGGRESSIVE;
				GCC_WARN_UNUSED_FUNCTION = YES;
				GCC_WARN_UNUSED_VARIABLE = YES;
				IPHONEOS_DEPLOYMENT_TARGET = 16.0;
				LOCALIZATION_PREFERS_STRING_CATALOGS = YES;
				MTL_ENABLE_DEBUG_INFO = INCLUDE_SOURCE;
				MTL_FAST_MATH = YES;
				ONLY_ACTIVE_ARCH = YES;
				SDKROOT = iphoneos;
				SWIFT_ACTIVE_COMPILATION_CONDITIONS = "DEBUG $(inherited)";
				SWIFT_OPTIMIZATION_LEVEL = "-Onone";
			};
			name = Debug;
		};
		227CCB6F2C77C64E009F0C44 /* Release */ = {
			isa = XCBuildConfiguration;
			buildSettings = {
				ALWAYS_SEARCH_USER_PATHS = NO;
				ASSETCATALOG_COMPILER_GENERATE_SWIFT_ASSET_SYMBOL_EXTENSIONS = YES;
				CLANG_ANALYZER_NONNULL = YES;
				CLANG_ANALYZER_NUMBER_OBJECT_CONVERSION = YES_AGGRESSIVE;
				CLANG_CXX_LANGUAGE_STANDARD = "gnu++20";
				CLANG_ENABLE_MODULES = YES;
				CLANG_ENABLE_OBJC_ARC = YES;
				CLANG_ENABLE_OBJC_WEAK = YES;
				CLANG_WARN_BLOCK_CAPTURE_AUTORELEASING = YES;
				CLANG_WARN_BOOL_CONVERSION = YES;
				CLANG_WARN_COMMA = YES;
				CLANG_WARN_CONSTANT_CONVERSION = YES;
				CLANG_WARN_DEPRECATED_OBJC_IMPLEMENTATIONS = YES;
				CLANG_WARN_DIRECT_OBJC_ISA_USAGE = YES_ERROR;
				CLANG_WARN_DOCUMENTATION_COMMENTS = YES;
				CLANG_WARN_EMPTY_BODY = YES;
				CLANG_WARN_ENUM_CONVERSION = YES;
				CLANG_WARN_INFINITE_RECURSION = YES;
				CLANG_WARN_INT_CONVERSION = YES;
				CLANG_WARN_NON_LITERAL_NULL_CONVERSION = YES;
				CLANG_WARN_OBJC_IMPLICIT_RETAIN_SELF = YES;
				CLANG_WARN_OBJC_LITERAL_CONVERSION = YES;
				CLANG_WARN_OBJC_ROOT_CLASS = YES_ERROR;
				CLANG_WARN_QUOTED_INCLUDE_IN_FRAMEWORK_HEADER = YES;
				CLANG_WARN_RANGE_LOOP_ANALYSIS = YES;
				CLANG_WARN_STRICT_PROTOTYPES = YES;
				CLANG_WARN_SUSPICIOUS_MOVE = YES;
				CLANG_WARN_UNGUARDED_AVAILABILITY = YES_AGGRESSIVE;
				CLANG_WARN_UNREACHABLE_CODE = YES;
				CLANG_WARN__DUPLICATE_METHOD_MATCH = YES;
				COPY_PHASE_STRIP = NO;
				DEBUG_INFORMATION_FORMAT = "dwarf-with-dsym";
				ENABLE_NS_ASSERTIONS = NO;
				ENABLE_STRICT_OBJC_MSGSEND = YES;
				ENABLE_USER_SCRIPT_SANDBOXING = YES;
				GCC_C_LANGUAGE_STANDARD = gnu17;
				GCC_NO_COMMON_BLOCKS = YES;
				GCC_WARN_64_TO_32_BIT_CONVERSION = YES;
				GCC_WARN_ABOUT_RETURN_TYPE = YES_ERROR;
				GCC_WARN_UNDECLARED_SELECTOR = YES;
				GCC_WARN_UNINITIALIZED_AUTOS = YES_AGGRESSIVE;
				GCC_WARN_UNUSED_FUNCTION = YES;
				GCC_WARN_UNUSED_VARIABLE = YES;
				IPHONEOS_DEPLOYMENT_TARGET = 16.0;
				LOCALIZATION_PREFERS_STRING_CATALOGS = YES;
				MTL_ENABLE_DEBUG_INFO = NO;
				MTL_FAST_MATH = YES;
				SDKROOT = iphoneos;
				SWIFT_COMPILATION_MODE = wholemodule;
				VALIDATE_PRODUCT = YES;
			};
			name = Release;
		};
		227CCB712C77C64E009F0C44 /* Debug */ = {
			isa = XCBuildConfiguration;
			buildSettings = {
				ASSETCATALOG_COMPILER_APPICON_NAME = AppIcon;
				ASSETCATALOG_COMPILER_GLOBAL_ACCENT_COLOR_NAME = AccentColor;
				CODE_SIGN_STYLE = Automatic;
				CURRENT_PROJECT_VERSION = 1;
				GENERATE_INFOPLIST_FILE = YES;
				INFOPLIST_FILE = WeatherExampleApp/Info.plist;
				INFOPLIST_KEY_UIApplicationSupportsIndirectInputEvents = YES;
				INFOPLIST_KEY_UILaunchStoryboardName = LaunchScreen;
				INFOPLIST_KEY_UIStatusBarStyle = UIStatusBarStyleDarkContent;
				INFOPLIST_KEY_UISupportedInterfaceOrientations_iPad = "UIInterfaceOrientationPortrait UIInterfaceOrientationPortraitUpsideDown UIInterfaceOrientationLandscapeLeft UIInterfaceOrientationLandscapeRight";
				INFOPLIST_KEY_UISupportedInterfaceOrientations_iPhone = "UIInterfaceOrientationPortrait UIInterfaceOrientationLandscapeLeft UIInterfaceOrientationLandscapeRight";
				LD_RUNPATH_SEARCH_PATHS = (
					"$(inherited)",
					"@executable_path/Frameworks",
				);
				MARKETING_VERSION = 1.0;
				PRODUCT_BUNDLE_IDENTIFIER = com.sample.test.WeatherExampleApp;
				PRODUCT_NAME = "$(TARGET_NAME)";
				SWIFT_EMIT_LOC_STRINGS = YES;
				SWIFT_VERSION = 5.0;
				TARGETED_DEVICE_FAMILY = "1,2";
			};
			name = Debug;
		};
		227CCB722C77C64E009F0C44 /* Release */ = {
			isa = XCBuildConfiguration;
			buildSettings = {
				ASSETCATALOG_COMPILER_APPICON_NAME = AppIcon;
				ASSETCATALOG_COMPILER_GLOBAL_ACCENT_COLOR_NAME = AccentColor;
				CODE_SIGN_STYLE = Automatic;
				CURRENT_PROJECT_VERSION = 1;
				GENERATE_INFOPLIST_FILE = YES;
				INFOPLIST_FILE = WeatherExampleApp/Info.plist;
				INFOPLIST_KEY_UIApplicationSupportsIndirectInputEvents = YES;
				INFOPLIST_KEY_UILaunchStoryboardName = LaunchScreen;
				INFOPLIST_KEY_UIStatusBarStyle = UIStatusBarStyleDarkContent;
				INFOPLIST_KEY_UISupportedInterfaceOrientations_iPad = "UIInterfaceOrientationPortrait UIInterfaceOrientationPortraitUpsideDown UIInterfaceOrientationLandscapeLeft UIInterfaceOrientationLandscapeRight";
				INFOPLIST_KEY_UISupportedInterfaceOrientations_iPhone = "UIInterfaceOrientationPortrait UIInterfaceOrientationLandscapeLeft UIInterfaceOrientationLandscapeRight";
				LD_RUNPATH_SEARCH_PATHS = (
					"$(inherited)",
					"@executable_path/Frameworks",
				);
				MARKETING_VERSION = 1.0;
				PRODUCT_BUNDLE_IDENTIFIER = com.sample.test.WeatherExampleApp;
				PRODUCT_NAME = "$(TARGET_NAME)";
				SWIFT_EMIT_LOC_STRINGS = YES;
				SWIFT_VERSION = 5.0;
				TARGETED_DEVICE_FAMILY = "1,2";
			};
			name = Release;
		};
/* End XCBuildConfiguration section */

/* Begin XCConfigurationList section */
		227CCB572C77C64C009F0C44 /* Build configuration list for PBXProject "WeatherExampleApp" */ = {
			isa = XCConfigurationList;
			buildConfigurations = (
				227CCB6E2C77C64E009F0C44 /* Debug */,
				227CCB6F2C77C64E009F0C44 /* Release */,
			);
			defaultConfigurationIsVisible = 0;
			defaultConfigurationName = Release;
		};
		227CCB702C77C64E009F0C44 /* Build configuration list for PBXNativeTarget "WeatherExampleApp" */ = {
			isa = XCConfigurationList;
			buildConfigurations = (
				227CCB712C77C64E009F0C44 /* Debug */,
				227CCB722C77C64E009F0C44 /* Release */,
			);
			defaultConfigurationIsVisible = 0;
			defaultConfigurationName = Release;
		};
/* End XCConfigurationList section */

/* Begin XCSwiftPackageProductDependency section */
		2E8ED7692C7B53FD00E081E0 /* WeatherSDK */ = {
			isa = XCSwiftPackageProductDependency;
			productName = WeatherSDK;
		};
/* End XCSwiftPackageProductDependency section */
	};
	rootObject = 227CCB542C77C64C009F0C44 /* Project object */;
}
